
Microsoft Visual Studio Solution File, Format Version 12.00
# Visual Studio Version 17
VisualStudioVersion = 17.0.32112.339
MinimumVisualStudioVersion = 10.0.40219.1
Project("{FAE04EC0-301F-11D3-BF4B-00C04F79EFBC}") = "ilikebuildbase", "ilikebuildbase.csproj", "{4C29E650-50DB-44CD-A4E6-4DB1E5DB6510}"
EndProject
Global
	GlobalSection(SolutionConfigurationPlatforms) = preSolution
		Debug|Any CPU = Debug|Any CPU
		Release|Any CPU = Release|Any CPU
	EndGlobalSection
	GlobalSection(ProjectConfigurationPlatforms) = postSolution
		{4C29E650-50DB-44CD-A4E6-4DB1E5DB6510}.Debug|Any CPU.ActiveCfg = Debug|Any CPU
		{4C29E650-50DB-44CD-A4E6-4DB1E5DB6510}.Debug|Any CPU.Build.0 = Debug|Any CPU
		{4C29E650-50DB-44CD-A4E6-4DB1E5DB6510}.Release|Any CPU.ActiveCfg = Release|Any CPU
		{4C29E650-50DB-44CD-A4E6-4DB1E5DB6510}.Release|Any CPU.Build.0 = Release|Any CPU
	EndGlobalSection
	GlobalSection(SolutionProperties) = preSolution
		HideSolutionNode = FALSE
	EndGlobalSection
	GlobalSection(ExtensibilityGlobals) = postSolution
		SolutionGuid = {9793900C-49F2-4452-84B1-DE8D169E62F9}
	EndGlobalSection
EndGlobal
